
Microsoft Visual Studio Solution File, Format Version 12.00
# Visual Studio Version 16
VisualStudioVersion = 16.0.30114.105
MinimumVisualStudioVersion = 10.0.40219.1
Project("{FAE04EC0-301F-11D3-BF4B-00C04F79EFBC}") = "SNR ERP", "SNR ERP\SNR ERP.csproj", "{7CC3AABB-1A0B-409F-8868-9F0B81D35BE9}"
EndProject
Global
	GlobalSection(SolutionConfigurationPlatforms) = preSolution
		Debug|Any CPU = Debug|Any CPU
		Release|Any CPU = Release|Any CPU
	EndGlobalSection
	GlobalSection(ProjectConfigurationPlatforms) = postSolution
		{7CC3AABB-1A0B-409F-8868-9F0B81D35BE9}.Debug|Any CPU.ActiveCfg = Debug|Any CPU
		{7CC3AABB-1A0B-409F-8868-9F0B81D35BE9}.Debug|Any CPU.Build.0 = Debug|Any CPU
		{7CC3AABB-1A0B-409F-8868-9F0B81D35BE9}.Release|Any CPU.ActiveCfg = Release|Any CPU
		{7CC3AABB-1A0B-409F-8868-9F0B81D35BE9}.Release|Any CPU.Build.0 = Release|Any CPU
	EndGlobalSection
	GlobalSection(SolutionProperties) = preSolution
		HideSolutionNode = FALSE
	EndGlobalSection
	GlobalSection(ExtensibilityGlobals) = postSolution
		SolutionGuid = {2B3E7568-B52A-4AD8-A044-EF3F9AD3FDA3}
	EndGlobalSection
EndGlobal
